
Microsoft Visual Studio Solution File, Format Version 12.00
# Visual Studio Version 17
VisualStudioVersion = 17.10.35004.147
MinimumVisualStudioVersion = 10.0.40219.1
Project("{8BC9CEB8-8B4A-11D0-8D11-00A0C91BC942}") = "Max", "Max\Max.vcxproj", "{7EA16807-88EA-49FC-A923-5C83424BF2D1}"
EndProject
Global
	GlobalSection(SolutionConfigurationPlatforms) = preSolution
		Debug|x64 = Debug|x64
		Debug|x86 = Debug|x86
		Release|x64 = Release|x64
		Release|x86 = Release|x86
	EndGlobalSection
	GlobalSection(ProjectConfigurationPlatforms) = postSolution
		{7EA16807-88EA-49FC-A923-5C83424BF2D1}.Debug|x64.ActiveCfg = Debug|x64
		{7EA16807-88EA-49FC-A923-5C83424BF2D1}.Debug|x64.Build.0 = Debug|x64
		{7EA16807-88EA-49FC-A923-5C83424BF2D1}.Debug|x86.ActiveCfg = Debug|Win32
		{7EA16807-88EA-49FC-A923-5C83424BF2D1}.Debug|x86.Build.0 = Debug|Win32
		{7EA16807-88EA-49FC-A923-5C83424BF2D1}.Release|x64.ActiveCfg = Release|x64
		{7EA16807-88EA-49FC-A923-5C83424BF2D1}.Release|x64.Build.0 = Release|x64
		{7EA16807-88EA-49FC-A923-5C83424BF2D1}.Release|x86.ActiveCfg = Release|Win32
		{7EA16807-88EA-49FC-A923-5C83424BF2D1}.Release|x86.Build.0 = Release|Win32
	EndGlobalSection
	GlobalSection(SolutionProperties) = preSolution
		HideSolutionNode = FALSE
	EndGlobalSection
	GlobalSection(ExtensibilityGlobals) = postSolution
		SolutionGuid = {15082AA4-DBBD-4973-ABD6-92E81E1B337A}
	EndGlobalSection
EndGlobal
