
Microsoft Visual Studio Solution File, Format Version 12.00
# Visual Studio Version 17
VisualStudioVersion = 17.10.35004.147
MinimumVisualStudioVersion = 10.0.40219.1
Project("{8BC9CEB8-8B4A-11D0-8D11-00A0C91BC942}") = "TaxProgram", "TaxProgram\TaxProgram.vcxproj", "{C95BB411-A806-46B3-BA03-884F384E9189}"
EndProject
Global
	GlobalSection(SolutionConfigurationPlatforms) = preSolution
		Debug|x64 = Debug|x64
		Debug|x86 = Debug|x86
		Release|x64 = Release|x64
		Release|x86 = Release|x86
	EndGlobalSection
	GlobalSection(ProjectConfigurationPlatforms) = postSolution
		{C95BB411-A806-46B3-BA03-884F384E9189}.Debug|x64.ActiveCfg = Debug|x64
		{C95BB411-A806-46B3-BA03-884F384E9189}.Debug|x64.Build.0 = Debug|x64
		{C95BB411-A806-46B3-BA03-884F384E9189}.Debug|x86.ActiveCfg = Debug|Win32
		{C95BB411-A806-46B3-BA03-884F384E9189}.Debug|x86.Build.0 = Debug|Win32
		{C95BB411-A806-46B3-BA03-884F384E9189}.Release|x64.ActiveCfg = Release|x64
		{C95BB411-A806-46B3-BA03-884F384E9189}.Release|x64.Build.0 = Release|x64
		{C95BB411-A806-46B3-BA03-884F384E9189}.Release|x86.ActiveCfg = Release|Win32
		{C95BB411-A806-46B3-BA03-884F384E9189}.Release|x86.Build.0 = Release|Win32
	EndGlobalSection
	GlobalSection(SolutionProperties) = preSolution
		HideSolutionNode = FALSE
	EndGlobalSection
	GlobalSection(ExtensibilityGlobals) = postSolution
		SolutionGuid = {D3159F5A-6742-41E2-97BE-9CC1C43C32AB}
	EndGlobalSection
EndGlobal
